// !$*UTF8*$!
{
	archiveVersion = 1;
	classes = {
	};
	objectVersion = 52;
	objects = {

/* Begin PBXBuildFile section */
		3E5ED3EF23DF9ECB001809C2 /* AppDelegate.swift in Sources */ = {isa = PBXBuildFile; fileRef = 3E5ED3EE23DF9ECB001809C2 /* AppDelegate.swift */; };
		3E5ED3F123DF9ECB001809C2 /* SceneDelegate.swift in Sources */ = {isa = PBXBuildFile; fileRef = 3E5ED3F023DF9ECB001809C2 /* SceneDelegate.swift */; };
		3E5ED3F323DF9ECB001809C2 /* ViewController.swift in Sources */ = {isa = PBXBuildFile; fileRef = 3E5ED3F223DF9ECB001809C2 /* ViewController.swift */; };
		3E5ED3F623DF9ECB001809C2 /* Main.storyboard in Resources */ = {isa = PBXBuildFile; fileRef = 3E5ED3F423DF9ECB001809C2 /* Main.storyboard */; };
		3E5ED3F823DF9ECD001809C2 /* Assets.xcassets in Resources */ = {isa = PBXBuildFile; fileRef = 3E5ED3F723DF9ECD001809C2 /* Assets.xcassets */; };
		3E5ED3FB23DF9ECD001809C2 /* LaunchScreen.storyboard in Resources */ = {isa = PBXBuildFile; fileRef = 3E5ED3F923DF9ECD001809C2 /* LaunchScreen.storyboard */; };
		3E5ED40623DF9ECD001809C2 /* PhotoJournalTests.swift in Sources */ = {isa = PBXBuildFile; fileRef = 3E5ED40523DF9ECD001809C2 /* PhotoJournalTests.swift */; };
		3E5ED41423DFA660001809C2 /* ImageKit in Frameworks */ = {isa = PBXBuildFile; productRef = 3E5ED41323DFA660001809C2 /* ImageKit */; };
		3E5ED41723DFA8EB001809C2 /* PhotoCell.xib in Resources */ = {isa = PBXBuildFile; fileRef = 3E5ED41623DFA8EB001809C2 /* PhotoCell.xib */; };
		3E5ED41923DFAA61001809C2 /* PhotoCell.swift in Sources */ = {isa = PBXBuildFile; fileRef = 3E5ED41823DFAA61001809C2 /* PhotoCell.swift */; };
		3E5ED41C23DFAEBA001809C2 /* PhotoObject.swift in Sources */ = {isa = PBXBuildFile; fileRef = 3E5ED41B23DFAEBA001809C2 /* PhotoObject.swift */; };
/* End PBXBuildFile section */

/* Begin PBXContainerItemProxy section */
		3E5ED40223DF9ECD001809C2 /* PBXContainerItemProxy */ = {
			isa = PBXContainerItemProxy;
			containerPortal = 3E5ED3E323DF9ECB001809C2 /* Project object */;
			proxyType = 1;
			remoteGlobalIDString = 3E5ED3EA23DF9ECB001809C2;
			remoteInfo = PhotoJournal;
		};
/* End PBXContainerItemProxy section */

/* Begin PBXFileReference section */
		3E5ED3EB23DF9ECB001809C2 /* PhotoJournal.app */ = {isa = PBXFileReference; explicitFileType = wrapper.application; includeInIndex = 0; path = PhotoJournal.app; sourceTree = BUILT_PRODUCTS_DIR; };
		3E5ED3EE23DF9ECB001809C2 /* AppDelegate.swift */ = {isa = PBXFileReference; lastKnownFileType = sourcecode.swift; path = AppDelegate.swift; sourceTree = "<group>"; };
		3E5ED3F023DF9ECB001809C2 /* SceneDelegate.swift */ = {isa = PBXFileReference; lastKnownFileType = sourcecode.swift; path = SceneDelegate.swift; sourceTree = "<group>"; };
		3E5ED3F223DF9ECB001809C2 /* ViewController.swift */ = {isa = PBXFileReference; lastKnownFileType = sourcecode.swift; path = ViewController.swift; sourceTree = "<group>"; };
		3E5ED3F523DF9ECB001809C2 /* Base */ = {isa = PBXFileReference; lastKnownFileType = file.storyboard; name = Base; path = Base.lproj/Main.storyboard; sourceTree = "<group>"; };
		3E5ED3F723DF9ECD001809C2 /* Assets.xcassets */ = {isa = PBXFileReference; lastKnownFileType = folder.assetcatalog; path = Assets.xcassets; sourceTree = "<group>"; };
		3E5ED3FA23DF9ECD001809C2 /* Base */ = {isa = PBXFileReference; lastKnownFileType = file.storyboard; name = Base; path = Base.lproj/LaunchScreen.storyboard; sourceTree = "<group>"; };
		3E5ED3FC23DF9ECD001809C2 /* Info.plist */ = {isa = PBXFileReference; lastKnownFileType = text.plist.xml; path = Info.plist; sourceTree = "<group>"; };
		3E5ED40123DF9ECD001809C2 /* PhotoJournalTests.xctest */ = {isa = PBXFileReference; explicitFileType = wrapper.cfbundle; includeInIndex = 0; path = PhotoJournalTests.xctest; sourceTree = BUILT_PRODUCTS_DIR; };
		3E5ED40523DF9ECD001809C2 /* PhotoJournalTests.swift */ = {isa = PBXFileReference; lastKnownFileType = sourcecode.swift; path = PhotoJournalTests.swift; sourceTree = "<group>"; };
		3E5ED40723DF9ECD001809C2 /* Info.plist */ = {isa = PBXFileReference; lastKnownFileType = text.plist.xml; path = Info.plist; sourceTree = "<group>"; };
		3E5ED41623DFA8EB001809C2 /* PhotoCell.xib */ = {isa = PBXFileReference; lastKnownFileType = file.xib; path = PhotoCell.xib; sourceTree = "<group>"; };
		3E5ED41823DFAA61001809C2 /* PhotoCell.swift */ = {isa = PBXFileReference; lastKnownFileType = sourcecode.swift; path = PhotoCell.swift; sourceTree = "<group>"; };
		3E5ED41B23DFAEBA001809C2 /* PhotoObject.swift */ = {isa = PBXFileReference; lastKnownFileType = sourcecode.swift; path = PhotoObject.swift; sourceTree = "<group>"; };
/* End PBXFileReference section */

/* Begin PBXFrameworksBuildPhase section */
		3E5ED3E823DF9ECB001809C2 /* Frameworks */ = {
			isa = PBXFrameworksBuildPhase;
			buildActionMask = 2147483647;
			files = (
				3E5ED41423DFA660001809C2 /* ImageKit in Frameworks */,
			);
			runOnlyForDeploymentPostprocessing = 0;
		};
		3E5ED3FE23DF9ECD001809C2 /* Frameworks */ = {
			isa = PBXFrameworksBuildPhase;
			buildActionMask = 2147483647;
			files = (
			);
			runOnlyForDeploymentPostprocessing = 0;
		};
/* End PBXFrameworksBuildPhase section */

/* Begin PBXGroup section */
		3E5ED3E223DF9ECB001809C2 = {
			isa = PBXGroup;
			children = (
				3E5ED3ED23DF9ECB001809C2 /* PhotoJournal */,
				3E5ED40423DF9ECD001809C2 /* PhotoJournalTests */,
				3E5ED3EC23DF9ECB001809C2 /* Products */,
			);
			sourceTree = "<group>";
		};
		3E5ED3EC23DF9ECB001809C2 /* Products */ = {
			isa = PBXGroup;
			children = (
				3E5ED3EB23DF9ECB001809C2 /* PhotoJournal.app */,
				3E5ED40123DF9ECD001809C2 /* PhotoJournalTests.xctest */,
			);
			name = Products;
			sourceTree = "<group>";
		};
		3E5ED3ED23DF9ECB001809C2 /* PhotoJournal */ = {
			isa = PBXGroup;
			children = (
				3E5ED41A23DFAAA5001809C2 /* Views */,
				3E5ED41523DFA89F001809C2 /* Models */,
				3E5ED41123DFA5E2001809C2 /* Supporting Files */,
				3E5ED41023DFA599001809C2 /* Controllers */,
				3E5ED3FC23DF9ECD001809C2 /* Info.plist */,
			);
			path = PhotoJournal;
			sourceTree = "<group>";
		};
		3E5ED40423DF9ECD001809C2 /* PhotoJournalTests */ = {
			isa = PBXGroup;
			children = (
				3E5ED40523DF9ECD001809C2 /* PhotoJournalTests.swift */,
				3E5ED40723DF9ECD001809C2 /* Info.plist */,
			);
			path = PhotoJournalTests;
			sourceTree = "<group>";
		};
		3E5ED41023DFA599001809C2 /* Controllers */ = {
			isa = PBXGroup;
			children = (
				3E5ED3F223DF9ECB001809C2 /* ViewController.swift */,
			);
			path = Controllers;
			sourceTree = "<group>";
		};
		3E5ED41123DFA5E2001809C2 /* Supporting Files */ = {
			isa = PBXGroup;
			children = (
				3E5ED3EE23DF9ECB001809C2 /* AppDelegate.swift */,
				3E5ED3F023DF9ECB001809C2 /* SceneDelegate.swift */,
				3E5ED3F423DF9ECB001809C2 /* Main.storyboard */,
				3E5ED3F723DF9ECD001809C2 /* Assets.xcassets */,
				3E5ED3F923DF9ECD001809C2 /* LaunchScreen.storyboard */,
			);
			path = "Supporting Files";
			sourceTree = "<group>";
		};
		3E5ED41523DFA89F001809C2 /* Models */ = {
			isa = PBXGroup;
			children = (
				3E5ED41B23DFAEBA001809C2 /* PhotoObject.swift */,
			);
			path = Models;
			sourceTree = "<group>";
		};
		3E5ED41A23DFAAA5001809C2 /* Views */ = {
			isa = PBXGroup;
			children = (
				3E5ED41823DFAA61001809C2 /* PhotoCell.swift */,
				3E5ED41623DFA8EB001809C2 /* PhotoCell.xib */,
			);
			path = Views;
			sourceTree = "<group>";
		};
/* End PBXGroup section */

/* Begin PBXNativeTarget section */
		3E5ED3EA23DF9ECB001809C2 /* PhotoJournal */ = {
			isa = PBXNativeTarget;
			buildConfigurationList = 3E5ED40A23DF9ECD001809C2 /* Build configuration list for PBXNativeTarget "PhotoJournal" */;
			buildPhases = (
				3E5ED3E723DF9ECB001809C2 /* Sources */,
				3E5ED3E823DF9ECB001809C2 /* Frameworks */,
				3E5ED3E923DF9ECB001809C2 /* Resources */,
			);
			buildRules = (
			);
			dependencies = (
			);
			name = PhotoJournal;
			packageProductDependencies = (
				3E5ED41323DFA660001809C2 /* ImageKit */,
			);
			productName = PhotoJournal;
			productReference = 3E5ED3EB23DF9ECB001809C2 /* PhotoJournal.app */;
			productType = "com.apple.product-type.application";
		};
		3E5ED40023DF9ECD001809C2 /* PhotoJournalTests */ = {
			isa = PBXNativeTarget;
			buildConfigurationList = 3E5ED40D23DF9ECD001809C2 /* Build configuration list for PBXNativeTarget "PhotoJournalTests" */;
			buildPhases = (
				3E5ED3FD23DF9ECD001809C2 /* Sources */,
				3E5ED3FE23DF9ECD001809C2 /* Frameworks */,
				3E5ED3FF23DF9ECD001809C2 /* Resources */,
			);
			buildRules = (
			);
			dependencies = (
				3E5ED40323DF9ECD001809C2 /* PBXTargetDependency */,
			);
			name = PhotoJournalTests;
			productName = PhotoJournalTests;
			productReference = 3E5ED40123DF9ECD001809C2 /* PhotoJournalTests.xctest */;
			productType = "com.apple.product-type.bundle.unit-test";
		};
/* End PBXNativeTarget section */

/* Begin PBXProject section */
		3E5ED3E323DF9ECB001809C2 /* Project object */ = {
			isa = PBXProject;
			attributes = {
				LastSwiftUpdateCheck = 1130;
				LastUpgradeCheck = 1130;
				ORGANIZATIONNAME = "Juan Ceballos";
				TargetAttributes = {
					3E5ED3EA23DF9ECB001809C2 = {
						CreatedOnToolsVersion = 11.3;
					};
					3E5ED40023DF9ECD001809C2 = {
						CreatedOnToolsVersion = 11.3;
						TestTargetID = 3E5ED3EA23DF9ECB001809C2;
					};
				};
			};
			buildConfigurationList = 3E5ED3E623DF9ECB001809C2 /* Build configuration list for PBXProject "PhotoJournal" */;
			compatibilityVersion = "Xcode 9.3";
			developmentRegion = en;
			hasScannedForEncodings = 0;
			knownRegions = (
				en,
				Base,
			);
			mainGroup = 3E5ED3E223DF9ECB001809C2;
			packageReferences = (
				3E5ED41223DFA660001809C2 /* XCRemoteSwiftPackageReference "ImageKit" */,
			);
			productRefGroup = 3E5ED3EC23DF9ECB001809C2 /* Products */;
			projectDirPath = "";
			projectRoot = "";
			targets = (
				3E5ED3EA23DF9ECB001809C2 /* PhotoJournal */,
				3E5ED40023DF9ECD001809C2 /* PhotoJournalTests */,
			);
		};
/* End PBXProject section */

/* Begin PBXResourcesBuildPhase section */
		3E5ED3E923DF9ECB001809C2 /* Resources */ = {
			isa = PBXResourcesBuildPhase;
			buildActionMask = 2147483647;
			files = (
				3E5ED41723DFA8EB001809C2 /* PhotoCell.xib in Resources */,
				3E5ED3FB23DF9ECD001809C2 /* LaunchScreen.storyboard in Resources */,
				3E5ED3F823DF9ECD001809C2 /* Assets.xcassets in Resources */,
				3E5ED3F623DF9ECB001809C2 /* Main.storyboard in Resources */,
			);
			runOnlyForDeploymentPostprocessing = 0;
		};
		3E5ED3FF23DF9ECD001809C2 /* Resources */ = {
			isa = PBXResourcesBuildPhase;
			buildActionMask = 2147483647;
			files = (
			);
			runOnlyForDeploymentPostprocessing = 0;
		};
/* End PBXResourcesBuildPhase section */

/* Begin PBXSourcesBuildPhase section */
		3E5ED3E723DF9ECB001809C2 /* Sources */ = {
			isa = PBXSourcesBuildPhase;
			buildActionMask = 2147483647;
			files = (
				3E5ED41923DFAA61001809C2 /* PhotoCell.swift in Sources */,
				3E5ED3F323DF9ECB001809C2 /* ViewController.swift in Sources */,
				3E5ED3EF23DF9ECB001809C2 /* AppDelegate.swift in Sources */,
				3E5ED3F123DF9ECB001809C2 /* SceneDelegate.swift in Sources */,
				3E5ED41C23DFAEBA001809C2 /* PhotoObject.swift in Sources */,
			);
			runOnlyForDeploymentPostprocessing = 0;
		};
		3E5ED3FD23DF9ECD001809C2 /* Sources */ = {
			isa = PBXSourcesBuildPhase;
			buildActionMask = 2147483647;
			files = (
				3E5ED40623DF9ECD001809C2 /* PhotoJournalTests.swift in Sources */,
			);
			runOnlyForDeploymentPostprocessing = 0;
		};
/* End PBXSourcesBuildPhase section */

/* Begin PBXTargetDependency section */
		3E5ED40323DF9ECD001809C2 /* PBXTargetDependency */ = {
			isa = PBXTargetDependency;
			target = 3E5ED3EA23DF9ECB001809C2 /* PhotoJournal */;
			targetProxy = 3E5ED40223DF9ECD001809C2 /* PBXContainerItemProxy */;
		};
/* End PBXTargetDependency section */

/* Begin PBXVariantGroup section */
		3E5ED3F423DF9ECB001809C2 /* Main.storyboard */ = {
			isa = PBXVariantGroup;
			children = (
				3E5ED3F523DF9ECB001809C2 /* Base */,
			);
			name = Main.storyboard;
			sourceTree = "<group>";
		};
		3E5ED3F923DF9ECD001809C2 /* LaunchScreen.storyboard */ = {
			isa = PBXVariantGroup;
			children = (
				3E5ED3FA23DF9ECD001809C2 /* Base */,
			);
			name = LaunchScreen.storyboard;
			sourceTree = "<group>";
		};
/* End PBXVariantGroup section */

/* Begin XCBuildConfiguration section */
		3E5ED40823DF9ECD001809C2 /* Debug */ = {
			isa = XCBuildConfiguration;
			buildSettings = {
				ALWAYS_SEARCH_USER_PATHS = NO;
				CLANG_ANALYZER_NONNULL = YES;
				CLANG_ANALYZER_NUMBER_OBJECT_CONVERSION = YES_AGGRESSIVE;
				CLANG_CXX_LANGUAGE_STANDARD = "gnu++14";
				CLANG_CXX_LIBRARY = "libc++";
				CLANG_ENABLE_MODULES = YES;
				CLANG_ENABLE_OBJC_ARC = YES;
				CLANG_ENABLE_OBJC_WEAK = YES;
				CLANG_WARN_BLOCK_CAPTURE_AUTORELEASING = YES;
				CLANG_WARN_BOOL_CONVERSION = YES;
				CLANG_WARN_COMMA = YES;
				CLANG_WARN_CONSTANT_CONVERSION = YES;
				CLANG_WARN_DEPRECATED_OBJC_IMPLEMENTATIONS = YES;
				CLANG_WARN_DIRECT_OBJC_ISA_USAGE = YES_ERROR;
				CLANG_WARN_DOCUMENTATION_COMMENTS = YES;
				CLANG_WARN_EMPTY_BODY = YES;
				CLANG_WARN_ENUM_CONVERSION = YES;
				CLANG_WARN_INFINITE_RECURSION = YES;
				CLANG_WARN_INT_CONVERSION = YES;
				CLANG_WARN_NON_LITERAL_NULL_CONVERSION = YES;
				CLANG_WARN_OBJC_IMPLICIT_RETAIN_SELF = YES;
				CLANG_WARN_OBJC_LITERAL_CONVERSION = YES;
				CLANG_WARN_OBJC_ROOT_CLASS = YES_ERROR;
				CLANG_WARN_RANGE_LOOP_ANALYSIS = YES;
				CLANG_WARN_STRICT_PROTOTYPES = YES;
				CLANG_WARN_SUSPICIOUS_MOVE = YES;
				CLANG_WARN_UNGUARDED_AVAILABILITY = YES_AGGRESSIVE;
				CLANG_WARN_UNREACHABLE_CODE = YES;
				CLANG_WARN__DUPLICATE_METHOD_MATCH = YES;
				COPY_PHASE_STRIP = NO;
				DEBUG_INFORMATION_FORMAT = dwarf;
				ENABLE_STRICT_OBJC_MSGSEND = YES;
				ENABLE_TESTABILITY = YES;
				GCC_C_LANGUAGE_STANDARD = gnu11;
				GCC_DYNAMIC_NO_PIC = NO;
				GCC_NO_COMMON_BLOCKS = YES;
				GCC_OPTIMIZATION_LEVEL = 0;
				GCC_PREPROCESSOR_DEFINITIONS = (
					"DEBUG=1",
					"$(inherited)",
				);
				GCC_WARN_64_TO_32_BIT_CONVERSION = YES;
				GCC_WARN_ABOUT_RETURN_TYPE = YES_ERROR;
				GCC_WARN_UNDECLARED_SELECTOR = YES;
				GCC_WARN_UNINITIALIZED_AUTOS = YES_AGGRESSIVE;
				GCC_WARN_UNUSED_FUNCTION = YES;
				GCC_WARN_UNUSED_VARIABLE = YES;
				IPHONEOS_DEPLOYMENT_TARGET = 13.2;
				MTL_ENABLE_DEBUG_INFO = INCLUDE_SOURCE;
				MTL_FAST_MATH = YES;
				ONLY_ACTIVE_ARCH = YES;
				SDKROOT = iphoneos;
				SWIFT_ACTIVE_COMPILATION_CONDITIONS = DEBUG;
				SWIFT_OPTIMIZATION_LEVEL = "-Onone";
			};
			name = Debug;
		};
		3E5ED40923DF9ECD001809C2 /* Release */ = {
			isa = XCBuildConfiguration;
			buildSettings = {
				ALWAYS_SEARCH_USER_PATHS = NO;
				CLANG_ANALYZER_NONNULL = YES;
				CLANG_ANALYZER_NUMBER_OBJECT_CONVERSION = YES_AGGRESSIVE;
				CLANG_CXX_LANGUAGE_STANDARD = "gnu++14";
				CLANG_CXX_LIBRARY = "libc++";
				CLANG_ENABLE_MODULES = YES;
				CLANG_ENABLE_OBJC_ARC = YES;
				CLANG_ENABLE_OBJC_WEAK = YES;
				CLANG_WARN_BLOCK_CAPTURE_AUTORELEASING = YES;
				CLANG_WARN_BOOL_CONVERSION = YES;
				CLANG_WARN_COMMA = YES;
				CLANG_WARN_CONSTANT_CONVERSION = YES;
				CLANG_WARN_DEPRECATED_OBJC_IMPLEMENTATIONS = YES;
				CLANG_WARN_DIRECT_OBJC_ISA_USAGE = YES_ERROR;
				CLANG_WARN_DOCUMENTATION_COMMENTS = YES;
				CLANG_WARN_EMPTY_BODY = YES;
				CLANG_WARN_ENUM_CONVERSION = YES;
				CLANG_WARN_INFINITE_RECURSION = YES;
				CLANG_WARN_INT_CONVERSION = YES;
				CLANG_WARN_NON_LITERAL_NULL_CONVERSION = YES;
				CLANG_WARN_OBJC_IMPLICIT_RETAIN_SELF = YES;
				CLANG_WARN_OBJC_LITERAL_CONVERSION = YES;
				CLANG_WARN_OBJC_ROOT_CLASS = YES_ERROR;
				CLANG_WARN_RANGE_LOOP_ANALYSIS = YES;
				CLANG_WARN_STRICT_PROTOTYPES = YES;
				CLANG_WARN_SUSPICIOUS_MOVE = YES;
				CLANG_WARN_UNGUARDED_AVAILABILITY = YES_AGGRESSIVE;
				CLANG_WARN_UNREACHABLE_CODE = YES;
				CLANG_WARN__DUPLICATE_METHOD_MATCH = YES;
				COPY_PHASE_STRIP = NO;
				DEBUG_INFORMATION_FORMAT = "dwarf-with-dsym";
				ENABLE_NS_ASSERTIONS = NO;
				ENABLE_STRICT_OBJC_MSGSEND = YES;
				GCC_C_LANGUAGE_STANDARD = gnu11;
				GCC_NO_COMMON_BLOCKS = YES;
				GCC_WARN_64_TO_32_BIT_CONVERSION = YES;
				GCC_WARN_ABOUT_RETURN_TYPE = YES_ERROR;
				GCC_WARN_UNDECLARED_SELECTOR = YES;
				GCC_WARN_UNINITIALIZED_AUTOS = YES_AGGRESSIVE;
				GCC_WARN_UNUSED_FUNCTION = YES;
				GCC_WARN_UNUSED_VARIABLE = YES;
				IPHONEOS_DEPLOYMENT_TARGET = 13.2;
				MTL_ENABLE_DEBUG_INFO = NO;
				MTL_FAST_MATH = YES;
				SDKROOT = iphoneos;
				SWIFT_COMPILATION_MODE = wholemodule;
				SWIFT_OPTIMIZATION_LEVEL = "-O";
				VALIDATE_PRODUCT = YES;
			};
			name = Release;
		};
		3E5ED40B23DF9ECD001809C2 /* Debug */ = {
			isa = XCBuildConfiguration;
			buildSettings = {
				ASSETCATALOG_COMPILER_APPICON_NAME = AppIcon;
				CODE_SIGN_STYLE = Automatic;
				DEVELOPMENT_TEAM = 6UA5RNM528;
				INFOPLIST_FILE = PhotoJournal/Info.plist;
				LD_RUNPATH_SEARCH_PATHS = (
					"$(inherited)",
					"@executable_path/Frameworks",
				);
				PRODUCT_BUNDLE_IDENTIFIER = org.pursuit.PhotoJournal;
				PRODUCT_NAME = "$(TARGET_NAME)";
				SWIFT_VERSION = 5.0;
				TARGETED_DEVICE_FAMILY = "1,2";
			};
			name = Debug;
		};
		3E5ED40C23DF9ECD001809C2 /* Release */ = {
			isa = XCBuildConfiguration;
			buildSettings = {
				ASSETCATALOG_COMPILER_APPICON_NAME = AppIcon;
				CODE_SIGN_STYLE = Automatic;
				DEVELOPMENT_TEAM = 6UA5RNM528;
				INFOPLIST_FILE = PhotoJournal/Info.plist;
				LD_RUNPATH_SEARCH_PATHS = (
					"$(inherited)",
					"@executable_path/Frameworks",
				);
				PRODUCT_BUNDLE_IDENTIFIER = org.pursuit.PhotoJournal;
				PRODUCT_NAME = "$(TARGET_NAME)";
				SWIFT_VERSION = 5.0;
				TARGETED_DEVICE_FAMILY = "1,2";
			};
			name = Release;
		};
		3E5ED40E23DF9ECD001809C2 /* Debug */ = {
			isa = XCBuildConfiguration;
			buildSettings = {
				ALWAYS_EMBED_SWIFT_STANDARD_LIBRARIES = YES;
				BUNDLE_LOADER = "$(TEST_HOST)";
				CODE_SIGN_STYLE = Automatic;
				DEVELOPMENT_TEAM = 6UA5RNM528;
				INFOPLIST_FILE = PhotoJournalTests/Info.plist;
				IPHONEOS_DEPLOYMENT_TARGET = 13.2;
				LD_RUNPATH_SEARCH_PATHS = (
					"$(inherited)",
					"@executable_path/Frameworks",
					"@loader_path/Frameworks",
				);
				PRODUCT_BUNDLE_IDENTIFIER = org.pursuit.PhotoJournalTests;
				PRODUCT_NAME = "$(TARGET_NAME)";
				SWIFT_VERSION = 5.0;
				TARGETED_DEVICE_FAMILY = "1,2";
				TEST_HOST = "$(BUILT_PRODUCTS_DIR)/PhotoJournal.app/PhotoJournal";
			};
			name = Debug;
		};
		3E5ED40F23DF9ECD001809C2 /* Release */ = {
			isa = XCBuildConfiguration;
			buildSettings = {
				ALWAYS_EMBED_SWIFT_STANDARD_LIBRARIES = YES;
				BUNDLE_LOADER = "$(TEST_HOST)";
				CODE_SIGN_STYLE = Automatic;
				DEVELOPMENT_TEAM = 6UA5RNM528;
				INFOPLIST_FILE = PhotoJournalTests/Info.plist;
				IPHONEOS_DEPLOYMENT_TARGET = 13.2;
				LD_RUNPATH_SEARCH_PATHS = (
					"$(inherited)",
					"@executable_path/Frameworks",
					"@loader_path/Frameworks",
				);
				PRODUCT_BUNDLE_IDENTIFIER = org.pursuit.PhotoJournalTests;
				PRODUCT_NAME = "$(TARGET_NAME)";
				SWIFT_VERSION = 5.0;
				TARGETED_DEVICE_FAMILY = "1,2";
				TEST_HOST = "$(BUILT_PRODUCTS_DIR)/PhotoJournal.app/PhotoJournal";
			};
			name = Release;
		};
/* End XCBuildConfiguration section */

/* Begin XCConfigurationList section */
		3E5ED3E623DF9ECB001809C2 /* Build configuration list for PBXProject "PhotoJournal" */ = {
			isa = XCConfigurationList;
			buildConfigurations = (
				3E5ED40823DF9ECD001809C2 /* Debug */,
				3E5ED40923DF9ECD001809C2 /* Release */,
			);
			defaultConfigurationIsVisible = 0;
			defaultConfigurationName = Release;
		};
		3E5ED40A23DF9ECD001809C2 /* Build configuration list for PBXNativeTarget "PhotoJournal" */ = {
			isa = XCConfigurationList;
			buildConfigurations = (
				3E5ED40B23DF9ECD001809C2 /* Debug */,
				3E5ED40C23DF9ECD001809C2 /* Release */,
			);
			defaultConfigurationIsVisible = 0;
			defaultConfigurationName = Release;
		};
		3E5ED40D23DF9ECD001809C2 /* Build configuration list for PBXNativeTarget "PhotoJournalTests" */ = {
			isa = XCConfigurationList;
			buildConfigurations = (
				3E5ED40E23DF9ECD001809C2 /* Debug */,
				3E5ED40F23DF9ECD001809C2 /* Release */,
			);
			defaultConfigurationIsVisible = 0;
			defaultConfigurationName = Release;
		};
/* End XCConfigurationList section */

/* Begin XCRemoteSwiftPackageReference section */
		3E5ED41223DFA660001809C2 /* XCRemoteSwiftPackageReference "ImageKit" */ = {
			isa = XCRemoteSwiftPackageReference;
			repositoryURL = "https://github.com/alexpaul/ImageKit";
			requirement = {
				kind = upToNextMajorVersion;
				minimumVersion = 1.0.4;
			};
		};
/* End XCRemoteSwiftPackageReference section */

/* Begin XCSwiftPackageProductDependency section */
		3E5ED41323DFA660001809C2 /* ImageKit */ = {
			isa = XCSwiftPackageProductDependency;
			package = 3E5ED41223DFA660001809C2 /* XCRemoteSwiftPackageReference "ImageKit" */;
			productName = ImageKit;
		};
/* End XCSwiftPackageProductDependency section */
	};
	rootObject = 3E5ED3E323DF9ECB001809C2 /* Project object */;
}
